
Microsoft Visual Studio Solution File, Format Version 12.00
# Visual Studio Version 16
VisualStudioVersion = 25.0.1700.0
MinimumVisualStudioVersion = 10.0.40219.1
Project("{FAE04EC0-301F-11D3-BF4B-00C04F79EFBC}") = "GameDevPythagoras", "GameDevPythagoras.csproj", "{1B2111F2-905F-453B-B3AF-7D623995A482}"
EndProject
Global
	GlobalSection(SolutionConfigurationPlatforms) = preSolution
		Debug|Any CPU = Debug|Any CPU
		Release|Any CPU = Release|Any CPU
	EndGlobalSection
	GlobalSection(ProjectConfigurationPlatforms) = postSolution
		{1B2111F2-905F-453B-B3AF-7D623995A482}.Debug|Any CPU.ActiveCfg = Debug|Any CPU
		{1B2111F2-905F-453B-B3AF-7D623995A482}.Debug|Any CPU.Build.0 = Debug|Any CPU
		{1B2111F2-905F-453B-B3AF-7D623995A482}.Release|Any CPU.ActiveCfg = Release|Any CPU
		{1B2111F2-905F-453B-B3AF-7D623995A482}.Release|Any CPU.Build.0 = Release|Any CPU
	EndGlobalSection
	GlobalSection(SolutionProperties) = preSolution
		HideSolutionNode = FALSE
	EndGlobalSection
	GlobalSection(ExtensibilityGlobals) = postSolution
		SolutionGuid = {3E1A07EF-B4D9-46CC-BAF3-F2208370DA82}
	EndGlobalSection
EndGlobal
